// !$*UTF8*$!
{
	archiveVersion = 1;
	classes = {
	};
	objectVersion = 48;
	objects = {

/* Begin PBXBuildFile section */
		2BA34D988BCB130B4F053A34 /* libPods-DevTools.a in Frameworks */ = {isa = PBXBuildFile; fileRef = E3F36FB38989AD82AD96BCE6 /* libPods-DevTools.a */; };
		3D2C720B20AEB1B000CD19AD /* UIView+Sublayer.m in Sources */ = {isa = PBXBuildFile; fileRef = 3D2C720A20AEB1B000CD19AD /* UIView+Sublayer.m */; };
		3D64171220D0B32200F77E73 /* districts.json in Resources */ = {isa = PBXBuildFile; fileRef = 3D64171020D0B32200F77E73 /* districts.json */; };
		3D64171320D0B32200F77E73 /* cities.json in Resources */ = {isa = PBXBuildFile; fileRef = 3D64171120D0B32200F77E73 /* cities.json */; };
		3D64171820D0B39F00F77E73 /* ZTCCityParser.m in Sources */ = {isa = PBXBuildFile; fileRef = 3D64171620D0B39F00F77E73 /* ZTCCityParser.m */; };
		3D7D51152057D7F7007F61D2 /* BaseJsonModel.m in Sources */ = {isa = PBXBuildFile; fileRef = 3D7D51012057D7F7007F61D2 /* BaseJsonModel.m */; };
		3D7D51162057D7F7007F61D2 /* BaseNavigationController.m in Sources */ = {isa = PBXBuildFile; fileRef = 3D7D51042057D7F7007F61D2 /* BaseNavigationController.m */; };
		3D7D511C2057D932007F61D2 /* LimitTextField.m in Sources */ = {isa = PBXBuildFile; fileRef = 3D7D511B2057D932007F61D2 /* LimitTextField.m */; };
		3D7D511F2057D94B007F61D2 /* LimitTextView.m in Sources */ = {isa = PBXBuildFile; fileRef = 3D7D511E2057D94B007F61D2 /* LimitTextView.m */; };
		3D7D51832057DAC3007F61D2 /* UIViewController+Swizzling.m in Sources */ = {isa = PBXBuildFile; fileRef = 3D7D515B2057DAC3007F61D2 /* UIViewController+Swizzling.m */; };
		3D7D51852057DAC3007F61D2 /* UIViewController+BackButtonHandler.m in Sources */ = {isa = PBXBuildFile; fileRef = 3D7D515D2057DAC3007F61D2 /* UIViewController+BackButtonHandler.m */; };
		3D7D51862057DAC3007F61D2 /* UILayoutFittingView.m in Sources */ = {isa = PBXBuildFile; fileRef = 3D7D515E2057DAC3007F61D2 /* UILayoutFittingView.m */; };
		3D7D51872057DAC3007F61D2 /* NSData+Base64.m in Sources */ = {isa = PBXBuildFile; fileRef = 3D7D51652057DAC3007F61D2 /* NSData+Base64.m */; };
		3D7D51882057DAC3007F61D2 /* NSTimer+WeakTimer.m in Sources */ = {isa = PBXBuildFile; fileRef = 3D7D51682057DAC3007F61D2 /* NSTimer+WeakTimer.m */; };
		3D7D51892057DAC3007F61D2 /* UIButton+EdgeInsets.m in Sources */ = {isa = PBXBuildFile; fileRef = 3D7D516A2057DAC3007F61D2 /* UIButton+EdgeInsets.m */; };
		3D7D518A2057DAC3007F61D2 /* UIColor-Adaptive.m in Sources */ = {isa = PBXBuildFile; fileRef = 3D7D516E2057DAC3007F61D2 /* UIColor-Adaptive.m */; };
		3D7D518B2057DAC3007F61D2 /* UIImage+Color.m in Sources */ = {isa = PBXBuildFile; fileRef = 3D7D51712057DAC3007F61D2 /* UIImage+Color.m */; };
		3D7D518C2057DAC3007F61D2 /* UILabel+LineSpace.m in Sources */ = {isa = PBXBuildFile; fileRef = 3D7D51742057DAC3007F61D2 /* UILabel+LineSpace.m */; };
		3D7D518D2057DAC3007F61D2 /* UIScrollView+Direction.m in Sources */ = {isa = PBXBuildFile; fileRef = 3D7D51762057DAC3007F61D2 /* UIScrollView+Direction.m */; };
		3D7D518E2057DAC3007F61D2 /* UITextField+Editing.m in Sources */ = {isa = PBXBuildFile; fileRef = 3D7D517A2057DAC3007F61D2 /* UITextField+Editing.m */; };
		3D7D518F2057DAC3007F61D2 /* UITextView+LineSpace.m in Sources */ = {isa = PBXBuildFile; fileRef = 3D7D517C2057DAC3007F61D2 /* UITextView+LineSpace.m */; };
		3D7D51902057DAC3007F61D2 /* UIView+Responder.m in Sources */ = {isa = PBXBuildFile; fileRef = 3D7D51812057DAC3007F61D2 /* UIView+Responder.m */; };
		3D7D51912057DAC3007F61D2 /* UIViewAdditions.m in Sources */ = {isa = PBXBuildFile; fileRef = 3D7D51822057DAC3007F61D2 /* UIViewAdditions.m */; };
		3D7D519D2057DE24007F61D2 /* TestTextInputVC.m in Sources */ = {isa = PBXBuildFile; fileRef = 3D7D519C2057DE24007F61D2 /* TestTextInputVC.m */; };
		3D867A142064E88500AB9C6C /* TestListVC.m in Sources */ = {isa = PBXBuildFile; fileRef = 3D867A132064E88500AB9C6C /* TestListVC.m */; };
		3D86CB3820AC111A001D9A46 /* NSArray+Sort.m in Sources */ = {isa = PBXBuildFile; fileRef = 3D86CB3620AC111A001D9A46 /* NSArray+Sort.m */; };
		3D86CB3B20AC1149001D9A46 /* NSArray+Search.m in Sources */ = {isa = PBXBuildFile; fileRef = 3D86CB3920AC1149001D9A46 /* NSArray+Search.m */; };
		3D86CB3F20AC132D001D9A46 /* BaseViewController.m in Sources */ = {isa = PBXBuildFile; fileRef = 3D86CB3E20AC132D001D9A46 /* BaseViewController.m */; };
		3D86CB4220AC136C001D9A46 /* BlankViewController.m in Sources */ = {isa = PBXBuildFile; fileRef = 3D86CB4120AC136C001D9A46 /* BlankViewController.m */; };
		3D86CB4720AC146C001D9A46 /* EmptyStatusView.m in Sources */ = {isa = PBXBuildFile; fileRef = 3D86CB4620AC146C001D9A46 /* EmptyStatusView.m */; };
		3D86CB4920AC147B001D9A46 /* EmptyStatusView.xib in Resources */ = {isa = PBXBuildFile; fileRef = 3D86CB4820AC147B001D9A46 /* EmptyStatusView.xib */; };
		3D86CB5120AC191A001D9A46 /* ZKConfig.m in Sources */ = {isa = PBXBuildFile; fileRef = 3D86CB5020AC191A001D9A46 /* ZKConfig.m */; };
		3D86CB5520AC1A85001D9A46 /* ZKTableHeaderView.m in Sources */ = {isa = PBXBuildFile; fileRef = 3D86CB5420AC1A85001D9A46 /* ZKTableHeaderView.m */; };
		3D86CB5A20AC1CA9001D9A46 /* ZKAppManager.m in Sources */ = {isa = PBXBuildFile; fileRef = 3D86CB5920AC1CA9001D9A46 /* ZKAppManager.m */; };
		3D86CB5D20AC1CCA001D9A46 /* ZKFileHandler.m in Sources */ = {isa = PBXBuildFile; fileRef = 3D86CB5C20AC1CCA001D9A46 /* ZKFileHandler.m */; };
		3D86CB5F20AC1FD7001D9A46 /* 2a16117aaf726e3d6208cf40001c8524.gif in Resources */ = {isa = PBXBuildFile; fileRef = 3D86CB5E20AC1FD7001D9A46 /* 2a16117aaf726e3d6208cf40001c8524.gif */; };
		3D86CB6F20AC205A001D9A46 /* CHWebViewController.m in Sources */ = {isa = PBXBuildFile; fileRef = 3D86CB6420AC205A001D9A46 /* CHWebViewController.m */; };
		3D86CB7020AC205A001D9A46 /* CHWebView.m in Sources */ = {isa = PBXBuildFile; fileRef = 3D86CB6520AC205A001D9A46 /* CHWebView.m */; };
		3D86CB7120AC205A001D9A46 /* CHWebProgressView.m in Sources */ = {isa = PBXBuildFile; fileRef = 3D86CB6B20AC205A001D9A46 /* CHWebProgressView.m */; };
		3D86CB7220AC205A001D9A46 /* CHWebViewProress.m in Sources */ = {isa = PBXBuildFile; fileRef = 3D86CB6C20AC205A001D9A46 /* CHWebViewProress.m */; };
		3D86CB7320AC205A001D9A46 /* nativehelper.js in Resources */ = {isa = PBXBuildFile; fileRef = 3D86CB6E20AC205A001D9A46 /* nativehelper.js */; };
		3D86CB7620AC208C001D9A46 /* ZKWebViewController.m in Sources */ = {isa = PBXBuildFile; fileRef = 3D86CB7520AC208C001D9A46 /* ZKWebViewController.m */; };
		3D86CB7920AC214C001D9A46 /* UIView+Animation.m in Sources */ = {isa = PBXBuildFile; fileRef = 3D86CB7820AC214C001D9A46 /* UIView+Animation.m */; };
		3D86CB7C20AC2194001D9A46 /* UIView+Alert.m in Sources */ = {isa = PBXBuildFile; fileRef = 3D86CB7A20AC2194001D9A46 /* UIView+Alert.m */; };
		3D86CB8020AC21ED001D9A46 /* NSDate+Format.m in Sources */ = {isa = PBXBuildFile; fileRef = 3D86CB7E20AC21ED001D9A46 /* NSDate+Format.m */; };
		3D86CB8620AC2260001D9A46 /* ForceAlertView.m in Sources */ = {isa = PBXBuildFile; fileRef = 3D86CB8420AC2260001D9A46 /* ForceAlertView.m */; };
		3D86CB8720AC2260001D9A46 /* AlignLeftAlertController.m in Sources */ = {isa = PBXBuildFile; fileRef = 3D86CB8520AC2260001D9A46 /* AlignLeftAlertController.m */; };
		3D86CB8B20AC2312001D9A46 /* EventCalendarHelper.m in Sources */ = {isa = PBXBuildFile; fileRef = 3D86CB8A20AC2312001D9A46 /* EventCalendarHelper.m */; };
		3D912DEA2051224D00B272BB /* AppDelegate.m in Sources */ = {isa = PBXBuildFile; fileRef = 3D912DE92051224D00B272BB /* AppDelegate.m */; };
		3D912DF02051224D00B272BB /* Main.storyboard in Resources */ = {isa = PBXBuildFile; fileRef = 3D912DEE2051224D00B272BB /* Main.storyboard */; };
		3D912DF22051224D00B272BB /* Assets.xcassets in Resources */ = {isa = PBXBuildFile; fileRef = 3D912DF12051224D00B272BB /* Assets.xcassets */; };
		3D912DF52051224D00B272BB /* LaunchScreen.storyboard in Resources */ = {isa = PBXBuildFile; fileRef = 3D912DF32051224D00B272BB /* LaunchScreen.storyboard */; };
		3D912DF82051224D00B272BB /* main.m in Sources */ = {isa = PBXBuildFile; fileRef = 3D912DF72051224D00B272BB /* main.m */; };
/* End PBXBuildFile section */

/* Begin PBXFileReference section */
		0AAEBDA7AE8D82047BC5E289 /* Pods-DevTools.debug.xcconfig */ = {isa = PBXFileReference; includeInIndex = 1; lastKnownFileType = text.xcconfig; name = "Pods-DevTools.debug.xcconfig"; path = "Pods/Target Support Files/Pods-DevTools/Pods-DevTools.debug.xcconfig"; sourceTree = "<group>"; };
		3D2C720920AEB1B000CD19AD /* UIView+Sublayer.h */ = {isa = PBXFileReference; fileEncoding = 4; lastKnownFileType = sourcecode.c.h; path = "UIView+Sublayer.h"; sourceTree = "<group>"; };
		3D2C720A20AEB1B000CD19AD /* UIView+Sublayer.m */ = {isa = PBXFileReference; fileEncoding = 4; lastKnownFileType = sourcecode.c.objc; path = "UIView+Sublayer.m"; sourceTree = "<group>"; };
		3D64171020D0B32200F77E73 /* districts.json */ = {isa = PBXFileReference; fileEncoding = 4; lastKnownFileType = text.json; path = districts.json; sourceTree = "<group>"; };
		3D64171120D0B32200F77E73 /* cities.json */ = {isa = PBXFileReference; fileEncoding = 4; lastKnownFileType = text.json; path = cities.json; sourceTree = "<group>"; };
		3D64171620D0B39F00F77E73 /* ZTCCityParser.m */ = {isa = PBXFileReference; fileEncoding = 4; lastKnownFileType = sourcecode.c.objc; path = ZTCCityParser.m; sourceTree = "<group>"; };
		3D64171720D0B39F00F77E73 /* ZTCCityParser.h */ = {isa = PBXFileReference; fileEncoding = 4; lastKnownFileType = sourcecode.c.h; path = ZTCCityParser.h; sourceTree = "<group>"; };
		3D7D50D12057D7F7007F61D2 /* UtilMacros.h */ = {isa = PBXFileReference; fileEncoding = 4; lastKnownFileType = sourcecode.c.h; path = UtilMacros.h; sourceTree = "<group>"; };
		3D7D50D22057D7F7007F61D2 /* UIDeviceMacros.h */ = {isa = PBXFileReference; fileEncoding = 4; lastKnownFileType = sourcecode.c.h; path = UIDeviceMacros.h; sourceTree = "<group>"; };
		3D7D51002057D7F7007F61D2 /* BaseJsonModel.h */ = {isa = PBXFileReference; fileEncoding = 4; lastKnownFileType = sourcecode.c.h; path = BaseJsonModel.h; sourceTree = "<group>"; };
		3D7D51012057D7F7007F61D2 /* BaseJsonModel.m */ = {isa = PBXFileReference; fileEncoding = 4; lastKnownFileType = sourcecode.c.objc; path = BaseJsonModel.m; sourceTree = "<group>"; };
		3D7D51042057D7F7007F61D2 /* BaseNavigationController.m */ = {isa = PBXFileReference; fileEncoding = 4; lastKnownFileType = sourcecode.c.objc; path = BaseNavigationController.m; sourceTree = "<group>"; };
		3D7D51052057D7F7007F61D2 /* BaseNavigationController.h */ = {isa = PBXFileReference; fileEncoding = 4; lastKnownFileType = sourcecode.c.h; path = BaseNavigationController.h; sourceTree = "<group>"; };
		3D7D511A2057D932007F61D2 /* LimitTextField.h */ = {isa = PBXFileReference; fileEncoding = 4; lastKnownFileType = sourcecode.c.h; path = LimitTextField.h; sourceTree = "<group>"; };
		3D7D511B2057D932007F61D2 /* LimitTextField.m */ = {isa = PBXFileReference; fileEncoding = 4; lastKnownFileType = sourcecode.c.objc; path = LimitTextField.m; sourceTree = "<group>"; };
		3D7D511D2057D94B007F61D2 /* LimitTextView.h */ = {isa = PBXFileReference; fileEncoding = 4; lastKnownFileType = sourcecode.c.h; path = LimitTextView.h; sourceTree = "<group>"; };
		3D7D511E2057D94B007F61D2 /* LimitTextView.m */ = {isa = PBXFileReference; fileEncoding = 4; lastKnownFileType = sourcecode.c.objc; path = LimitTextView.m; sourceTree = "<group>"; };
		3D7D515A2057DAC3007F61D2 /* UILayoutFittingView.h */ = {isa = PBXFileReference; fileEncoding = 4; lastKnownFileType = sourcecode.c.h; path = UILayoutFittingView.h; sourceTree = "<group>"; };
		3D7D515B2057DAC3007F61D2 /* UIViewController+Swizzling.m */ = {isa = PBXFileReference; fileEncoding = 4; lastKnownFileType = sourcecode.c.objc; path = "UIViewController+Swizzling.m"; sourceTree = "<group>"; };
		3D7D515D2057DAC3007F61D2 /* UIViewController+BackButtonHandler.m */ = {isa = PBXFileReference; fileEncoding = 4; lastKnownFileType = sourcecode.c.objc; path = "UIViewController+BackButtonHandler.m"; sourceTree = "<group>"; };
		3D7D515E2057DAC3007F61D2 /* UILayoutFittingView.m */ = {isa = PBXFileReference; fileEncoding = 4; lastKnownFileType = sourcecode.c.objc; path = UILayoutFittingView.m; sourceTree = "<group>"; };
		3D7D51602057DAC3007F61D2 /* SwizzlingDefine.h */ = {isa = PBXFileReference; fileEncoding = 4; lastKnownFileType = sourcecode.c.h; path = SwizzlingDefine.h; sourceTree = "<group>"; };
		3D7D51612057DAC3007F61D2 /* UIViewController+Swizzling.h */ = {isa = PBXFileReference; fileEncoding = 4; lastKnownFileType = sourcecode.c.h; path = "UIViewController+Swizzling.h"; sourceTree = "<group>"; };
		3D7D51622057DAC3007F61D2 /* UIViewController+BackButtonHandler.h */ = {isa = PBXFileReference; fileEncoding = 4; lastKnownFileType = sourcecode.c.h; path = "UIViewController+BackButtonHandler.h"; sourceTree = "<group>"; };
		3D7D51642057DAC3007F61D2 /* NSData+Base64.h */ = {isa = PBXFileReference; fileEncoding = 4; lastKnownFileType = sourcecode.c.h; path = "NSData+Base64.h"; sourceTree = "<group>"; };
		3D7D51652057DAC3007F61D2 /* NSData+Base64.m */ = {isa = PBXFileReference; fileEncoding = 4; lastKnownFileType = sourcecode.c.objc; path = "NSData+Base64.m"; sourceTree = "<group>"; };
		3D7D51672057DAC3007F61D2 /* NSTimer+WeakTimer.h */ = {isa = PBXFileReference; fileEncoding = 4; lastKnownFileType = sourcecode.c.h; path = "NSTimer+WeakTimer.h"; sourceTree = "<group>"; };
		3D7D51682057DAC3007F61D2 /* NSTimer+WeakTimer.m */ = {isa = PBXFileReference; fileEncoding = 4; lastKnownFileType = sourcecode.c.objc; path = "NSTimer+WeakTimer.m"; sourceTree = "<group>"; };
		3D7D516A2057DAC3007F61D2 /* UIButton+EdgeInsets.m */ = {isa = PBXFileReference; fileEncoding = 4; lastKnownFileType = sourcecode.c.objc; path = "UIButton+EdgeInsets.m"; sourceTree = "<group>"; };
		3D7D516B2057DAC3007F61D2 /* UIButton+EdgeInsets.h */ = {isa = PBXFileReference; fileEncoding = 4; lastKnownFileType = sourcecode.c.h; path = "UIButton+EdgeInsets.h"; sourceTree = "<group>"; };
		3D7D516D2057DAC3007F61D2 /* UIColor-Adaptive.h */ = {isa = PBXFileReference; fileEncoding = 4; lastKnownFileType = sourcecode.c.h; path = "UIColor-Adaptive.h"; sourceTree = "<group>"; };
		3D7D516E2057DAC3007F61D2 /* UIColor-Adaptive.m */ = {isa = PBXFileReference; fileEncoding = 4; lastKnownFileType = sourcecode.c.objc; path = "UIColor-Adaptive.m"; sourceTree = "<group>"; };
		3D7D51702057DAC3007F61D2 /* UIImage+Color.h */ = {isa = PBXFileReference; fileEncoding = 4; lastKnownFileType = sourcecode.c.h; path = "UIImage+Color.h"; sourceTree = "<group>"; };
		3D7D51712057DAC3007F61D2 /* UIImage+Color.m */ = {isa = PBXFileReference; fileEncoding = 4; lastKnownFileType = sourcecode.c.objc; path = "UIImage+Color.m"; sourceTree = "<group>"; };
		3D7D51732057DAC3007F61D2 /* UILabel+LineSpace.h */ = {isa = PBXFileReference; fileEncoding = 4; lastKnownFileType = sourcecode.c.h; path = "UILabel+LineSpace.h"; sourceTree = "<group>"; };
		3D7D51742057DAC3007F61D2 /* UILabel+LineSpace.m */ = {isa = PBXFileReference; fileEncoding = 4; lastKnownFileType = sourcecode.c.objc; path = "UILabel+LineSpace.m"; sourceTree = "<group>"; };
		3D7D51762057DAC3007F61D2 /* UIScrollView+Direction.m */ = {isa = PBXFileReference; fileEncoding = 4; lastKnownFileType = sourcecode.c.objc; path = "UIScrollView+Direction.m"; sourceTree = "<group>"; };
		3D7D51772057DAC3007F61D2 /* UIScrollView+Direction.h */ = {isa = PBXFileReference; fileEncoding = 4; lastKnownFileType = sourcecode.c.h; path = "UIScrollView+Direction.h"; sourceTree = "<group>"; };
		3D7D51792057DAC3007F61D2 /* UITextField+Editing.h */ = {isa = PBXFileReference; fileEncoding = 4; lastKnownFileType = sourcecode.c.h; path = "UITextField+Editing.h"; sourceTree = "<group>"; };
		3D7D517A2057DAC3007F61D2 /* UITextField+Editing.m */ = {isa = PBXFileReference; fileEncoding = 4; lastKnownFileType = sourcecode.c.objc; path = "UITextField+Editing.m"; sourceTree = "<group>"; };
		3D7D517C2057DAC3007F61D2 /* UITextView+LineSpace.m */ = {isa = PBXFileReference; fileEncoding = 4; lastKnownFileType = sourcecode.c.objc; path = "UITextView+LineSpace.m"; sourceTree = "<group>"; };
		3D7D517D2057DAC3007F61D2 /* UITextView+LineSpace.h */ = {isa = PBXFileReference; fileEncoding = 4; lastKnownFileType = sourcecode.c.h; path = "UITextView+LineSpace.h"; sourceTree = "<group>"; };
		3D7D517F2057DAC3007F61D2 /* UIView+Responder.h */ = {isa = PBXFileReference; fileEncoding = 4; lastKnownFileType = sourcecode.c.h; path = "UIView+Responder.h"; sourceTree = "<group>"; };
		3D7D51802057DAC3007F61D2 /* UIViewAdditions.h */ = {isa = PBXFileReference; fileEncoding = 4; lastKnownFileType = sourcecode.c.h; path = UIViewAdditions.h; sourceTree = "<group>"; };
		3D7D51812057DAC3007F61D2 /* UIView+Responder.m */ = {isa = PBXFileReference; fileEncoding = 4; lastKnownFileType = sourcecode.c.objc; path = "UIView+Responder.m"; sourceTree = "<group>"; };
		3D7D51822057DAC3007F61D2 /* UIViewAdditions.m */ = {isa = PBXFileReference; fileEncoding = 4; lastKnownFileType = sourcecode.c.objc; path = UIViewAdditions.m; sourceTree = "<group>"; };
		3D7D519B2057DE24007F61D2 /* TestTextInputVC.h */ = {isa = PBXFileReference; fileEncoding = 4; lastKnownFileType = sourcecode.c.h; path = TestTextInputVC.h; sourceTree = "<group>"; };
		3D7D519C2057DE24007F61D2 /* TestTextInputVC.m */ = {isa = PBXFileReference; fileEncoding = 4; lastKnownFileType = sourcecode.c.objc; path = TestTextInputVC.m; sourceTree = "<group>"; };
		3D867A122064E88500AB9C6C /* TestListVC.h */ = {isa = PBXFileReference; lastKnownFileType = sourcecode.c.h; path = TestListVC.h; sourceTree = "<group>"; };
		3D867A132064E88500AB9C6C /* TestListVC.m */ = {isa = PBXFileReference; lastKnownFileType = sourcecode.c.objc; path = TestListVC.m; sourceTree = "<group>"; };
		3D86CB3620AC111A001D9A46 /* NSArray+Sort.m */ = {isa = PBXFileReference; fileEncoding = 4; lastKnownFileType = sourcecode.c.objc; path = "NSArray+Sort.m"; sourceTree = "<group>"; };
		3D86CB3720AC111A001D9A46 /* NSArray+Sort.h */ = {isa = PBXFileReference; fileEncoding = 4; lastKnownFileType = sourcecode.c.h; path = "NSArray+Sort.h"; sourceTree = "<group>"; };
		3D86CB3920AC1149001D9A46 /* NSArray+Search.m */ = {isa = PBXFileReference; fileEncoding = 4; lastKnownFileType = sourcecode.c.objc; path = "NSArray+Search.m"; sourceTree = "<group>"; };
		3D86CB3A20AC1149001D9A46 /* NSArray+Search.h */ = {isa = PBXFileReference; fileEncoding = 4; lastKnownFileType = sourcecode.c.h; path = "NSArray+Search.h"; sourceTree = "<group>"; };
		3D86CB3D20AC132D001D9A46 /* BaseViewController.h */ = {isa = PBXFileReference; lastKnownFileType = sourcecode.c.h; path = BaseViewController.h; sourceTree = "<group>"; };
		3D86CB3E20AC132D001D9A46 /* BaseViewController.m */ = {isa = PBXFileReference; lastKnownFileType = sourcecode.c.objc; path = BaseViewController.m; sourceTree = "<group>"; };
		3D86CB4020AC136C001D9A46 /* BlankViewController.h */ = {isa = PBXFileReference; lastKnownFileType = sourcecode.c.h; path = BlankViewController.h; sourceTree = "<group>"; };
		3D86CB4120AC136C001D9A46 /* BlankViewController.m */ = {isa = PBXFileReference; lastKnownFileType = sourcecode.c.objc; path = BlankViewController.m; sourceTree = "<group>"; };
		3D86CB4520AC146C001D9A46 /* EmptyStatusView.h */ = {isa = PBXFileReference; lastKnownFileType = sourcecode.c.h; path = EmptyStatusView.h; sourceTree = "<group>"; };
		3D86CB4620AC146C001D9A46 /* EmptyStatusView.m */ = {isa = PBXFileReference; lastKnownFileType = sourcecode.c.objc; path = EmptyStatusView.m; sourceTree = "<group>"; };
		3D86CB4820AC147B001D9A46 /* EmptyStatusView.xib */ = {isa = PBXFileReference; lastKnownFileType = file.xib; path = EmptyStatusView.xib; sourceTree = "<group>"; };
		3D86CB4A20AC17C7001D9A46 /* CommonThemeMacro.h */ = {isa = PBXFileReference; lastKnownFileType = sourcecode.c.h; path = CommonThemeMacro.h; sourceTree = "<group>"; };
		3D86CB4C20AC1872001D9A46 /* ZKVendorKeyConfig.h */ = {isa = PBXFileReference; lastKnownFileType = sourcecode.c.h; path = ZKVendorKeyConfig.h; sourceTree = "<group>"; };
		3D86CB4D20AC189D001D9A46 /* ZKTipsDescription.h */ = {isa = PBXFileReference; lastKnownFileType = sourcecode.c.h; path = ZKTipsDescription.h; sourceTree = "<group>"; };
		3D86CB4E20AC18DF001D9A46 /* ZKNotificationName.h */ = {isa = PBXFileReference; lastKnownFileType = sourcecode.c.h; path = ZKNotificationName.h; sourceTree = "<group>"; };
		3D86CB4F20AC191A001D9A46 /* ZKConfig.h */ = {isa = PBXFileReference; lastKnownFileType = sourcecode.c.h; path = ZKConfig.h; sourceTree = "<group>"; };
		3D86CB5020AC191A001D9A46 /* ZKConfig.m */ = {isa = PBXFileReference; lastKnownFileType = sourcecode.c.objc; path = ZKConfig.m; sourceTree = "<group>"; };
		3D86CB5320AC1A85001D9A46 /* ZKTableHeaderView.h */ = {isa = PBXFileReference; lastKnownFileType = sourcecode.c.h; path = ZKTableHeaderView.h; sourceTree = "<group>"; };
		3D86CB5420AC1A85001D9A46 /* ZKTableHeaderView.m */ = {isa = PBXFileReference; lastKnownFileType = sourcecode.c.objc; path = ZKTableHeaderView.m; sourceTree = "<group>"; };
		3D86CB5820AC1CA9001D9A46 /* ZKAppManager.h */ = {isa = PBXFileReference; lastKnownFileType = sourcecode.c.h; path = ZKAppManager.h; sourceTree = "<group>"; };
		3D86CB5920AC1CA9001D9A46 /* ZKAppManager.m */ = {isa = PBXFileReference; lastKnownFileType = sourcecode.c.objc; path = ZKAppManager.m; sourceTree = "<group>"; };
		3D86CB5B20AC1CCA001D9A46 /* ZKFileHandler.h */ = {isa = PBXFileReference; lastKnownFileType = sourcecode.c.h; path = ZKFileHandler.h; sourceTree = "<group>"; };
		3D86CB5C20AC1CCA001D9A46 /* ZKFileHandler.m */ = {isa = PBXFileReference; lastKnownFileType = sourcecode.c.objc; path = ZKFileHandler.m; sourceTree = "<group>"; };
		3D86CB5E20AC1FD7001D9A46 /* 2a16117aaf726e3d6208cf40001c8524.gif */ = {isa = PBXFileReference; lastKnownFileType = image.gif; path = 2a16117aaf726e3d6208cf40001c8524.gif; sourceTree = "<group>"; };
		3D86CB6420AC205A001D9A46 /* CHWebViewController.m */ = {isa = PBXFileReference; fileEncoding = 4; lastKnownFileType = sourcecode.c.objc; path = CHWebViewController.m; sourceTree = "<group>"; };
		3D86CB6520AC205A001D9A46 /* CHWebView.m */ = {isa = PBXFileReference; fileEncoding = 4; lastKnownFileType = sourcecode.c.objc; path = CHWebView.m; sourceTree = "<group>"; };
		3D86CB6620AC205A001D9A46 /* CHWebView.h */ = {isa = PBXFileReference; fileEncoding = 4; lastKnownFileType = sourcecode.c.h; path = CHWebView.h; sourceTree = "<group>"; };
		3D86CB6720AC205A001D9A46 /* CHWebViewController.h */ = {isa = PBXFileReference; fileEncoding = 4; lastKnownFileType = sourcecode.c.h; path = CHWebViewController.h; sourceTree = "<group>"; };
		3D86CB6920AC205A001D9A46 /* CHWebViewProress.h */ = {isa = PBXFileReference; fileEncoding = 4; lastKnownFileType = sourcecode.c.h; path = CHWebViewProress.h; sourceTree = "<group>"; };
		3D86CB6A20AC205A001D9A46 /* CHWebProgressView.h */ = {isa = PBXFileReference; fileEncoding = 4; lastKnownFileType = sourcecode.c.h; path = CHWebProgressView.h; sourceTree = "<group>"; };
		3D86CB6B20AC205A001D9A46 /* CHWebProgressView.m */ = {isa = PBXFileReference; fileEncoding = 4; lastKnownFileType = sourcecode.c.objc; path = CHWebProgressView.m; sourceTree = "<group>"; };
		3D86CB6C20AC205A001D9A46 /* CHWebViewProress.m */ = {isa = PBXFileReference; fileEncoding = 4; lastKnownFileType = sourcecode.c.objc; path = CHWebViewProress.m; sourceTree = "<group>"; };
		3D86CB6E20AC205A001D9A46 /* nativehelper.js */ = {isa = PBXFileReference; fileEncoding = 4; lastKnownFileType = sourcecode.javascript; path = nativehelper.js; sourceTree = "<group>"; };
		3D86CB7420AC208C001D9A46 /* ZKWebViewController.h */ = {isa = PBXFileReference; lastKnownFileType = sourcecode.c.h; path = ZKWebViewController.h; sourceTree = "<group>"; };
		3D86CB7520AC208C001D9A46 /* ZKWebViewController.m */ = {isa = PBXFileReference; lastKnownFileType = sourcecode.c.objc; path = ZKWebViewController.m; sourceTree = "<group>"; };
		3D86CB7720AC214C001D9A46 /* UIView+Animation.h */ = {isa = PBXFileReference; fileEncoding = 4; lastKnownFileType = sourcecode.c.h; path = "UIView+Animation.h"; sourceTree = "<group>"; };
		3D86CB7820AC214C001D9A46 /* UIView+Animation.m */ = {isa = PBXFileReference; fileEncoding = 4; lastKnownFileType = sourcecode.c.objc; path = "UIView+Animation.m"; sourceTree = "<group>"; };
		3D86CB7A20AC2194001D9A46 /* UIView+Alert.m */ = {isa = PBXFileReference; fileEncoding = 4; lastKnownFileType = sourcecode.c.objc; path = "UIView+Alert.m"; sourceTree = "<group>"; };
		3D86CB7B20AC2194001D9A46 /* UIView+Alert.h */ = {isa = PBXFileReference; fileEncoding = 4; lastKnownFileType = sourcecode.c.h; path = "UIView+Alert.h"; sourceTree = "<group>"; };
		3D86CB7E20AC21ED001D9A46 /* NSDate+Format.m */ = {isa = PBXFileReference; fileEncoding = 4; lastKnownFileType = sourcecode.c.objc; path = "NSDate+Format.m"; sourceTree = "<group>"; };
		3D86CB7F20AC21ED001D9A46 /* NSDate+Format.h */ = {isa = PBXFileReference; fileEncoding = 4; lastKnownFileType = sourcecode.c.h; path = "NSDate+Format.h"; sourceTree = "<group>"; };
		3D86CB8220AC225F001D9A46 /* ForceAlertView.h */ = {isa = PBXFileReference; fileEncoding = 4; lastKnownFileType = sourcecode.c.h; path = ForceAlertView.h; sourceTree = "<group>"; };
		3D86CB8320AC2260001D9A46 /* AlignLeftAlertController.h */ = {isa = PBXFileReference; fileEncoding = 4; lastKnownFileType = sourcecode.c.h; path = AlignLeftAlertController.h; sourceTree = "<group>"; };
		3D86CB8420AC2260001D9A46 /* ForceAlertView.m */ = {isa = PBXFileReference; fileEncoding = 4; lastKnownFileType = sourcecode.c.objc; path = ForceAlertView.m; sourceTree = "<group>"; };
		3D86CB8520AC2260001D9A46 /* AlignLeftAlertController.m */ = {isa = PBXFileReference; fileEncoding = 4; lastKnownFileType = sourcecode.c.objc; path = AlignLeftAlertController.m; sourceTree = "<group>"; };
		3D86CB8920AC2312001D9A46 /* EventCalendarHelper.h */ = {isa = PBXFileReference; fileEncoding = 4; lastKnownFileType = sourcecode.c.h; path = EventCalendarHelper.h; sourceTree = "<group>"; };
		3D86CB8A20AC2312001D9A46 /* EventCalendarHelper.m */ = {isa = PBXFileReference; fileEncoding = 4; lastKnownFileType = sourcecode.c.objc; path = EventCalendarHelper.m; sourceTree = "<group>"; };
		3D912DE52051224D00B272BB /* DevTools.app */ = {isa = PBXFileReference; explicitFileType = wrapper.application; includeInIndex = 0; path = DevTools.app; sourceTree = BUILT_PRODUCTS_DIR; };
		3D912DE82051224D00B272BB /* AppDelegate.h */ = {isa = PBXFileReference; lastKnownFileType = sourcecode.c.h; path = AppDelegate.h; sourceTree = "<group>"; };
		3D912DE92051224D00B272BB /* AppDelegate.m */ = {isa = PBXFileReference; lastKnownFileType = sourcecode.c.objc; path = AppDelegate.m; sourceTree = "<group>"; };
		3D912DEF2051224D00B272BB /* Base */ = {isa = PBXFileReference; lastKnownFileType = file.storyboard; name = Base; path = Base.lproj/Main.storyboard; sourceTree = "<group>"; };
		3D912DF12051224D00B272BB /* Assets.xcassets */ = {isa = PBXFileReference; lastKnownFileType = folder.assetcatalog; path = Assets.xcassets; sourceTree = "<group>"; };
		3D912DF42051224D00B272BB /* Base */ = {isa = PBXFileReference; lastKnownFileType = file.storyboard; name = Base; path = Base.lproj/LaunchScreen.storyboard; sourceTree = "<group>"; };
		3D912DF62051224D00B272BB /* Info.plist */ = {isa = PBXFileReference; lastKnownFileType = text.plist.xml; path = Info.plist; sourceTree = "<group>"; };
		3D912DF72051224D00B272BB /* main.m */ = {isa = PBXFileReference; lastKnownFileType = sourcecode.c.objc; path = main.m; sourceTree = "<group>"; };
		E307306B96518E609FA3FE95 /* Pods-DevTools.release.xcconfig */ = {isa = PBXFileReference; includeInIndex = 1; lastKnownFileType = text.xcconfig; name = "Pods-DevTools.release.xcconfig"; path = "Pods/Target Support Files/Pods-DevTools/Pods-DevTools.release.xcconfig"; sourceTree = "<group>"; };
		E3F36FB38989AD82AD96BCE6 /* libPods-DevTools.a */ = {isa = PBXFileReference; explicitFileType = archive.ar; includeInIndex = 0; path = "libPods-DevTools.a"; sourceTree = BUILT_PRODUCTS_DIR; };
/* End PBXFileReference section */

/* Begin PBXFrameworksBuildPhase section */
		3D912DE22051224D00B272BB /* Frameworks */ = {
			isa = PBXFrameworksBuildPhase;
			buildActionMask = 2147483647;
			files = (
				2BA34D988BCB130B4F053A34 /* libPods-DevTools.a in Frameworks */,
			);
			runOnlyForDeploymentPostprocessing = 0;
		};
/* End PBXFrameworksBuildPhase section */

/* Begin PBXGroup section */
		21A30C7FD3C436B3C5AFD84D /* Frameworks */ = {
			isa = PBXGroup;
			children = (
				E3F36FB38989AD82AD96BCE6 /* libPods-DevTools.a */,
			);
			name = Frameworks;
			sourceTree = "<group>";
		};
		3D64170F20D0B32200F77E73 /* Resources */ = {
			isa = PBXGroup;
			children = (
				3D64171020D0B32200F77E73 /* districts.json */,
				3D64171120D0B32200F77E73 /* cities.json */,
			);
			path = Resources;
			sourceTree = "<group>";
		};
		3D64171420D0B33D00F77E73 /* Supporting Files */ = {
			isa = PBXGroup;
			children = (
				3D912DE82051224D00B272BB /* AppDelegate.h */,
				3D912DE92051224D00B272BB /* AppDelegate.m */,
				3D912DEE2051224D00B272BB /* Main.storyboard */,
				3D912DF12051224D00B272BB /* Assets.xcassets */,
				3D912DF32051224D00B272BB /* LaunchScreen.storyboard */,
				3D912DF62051224D00B272BB /* Info.plist */,
				3D912DF72051224D00B272BB /* main.m */,
			);
			path = "Supporting Files";
			sourceTree = "<group>";
		};
		3D64171520D0B39F00F77E73 /* Location */ = {
			isa = PBXGroup;
			children = (
				3D64171720D0B39F00F77E73 /* ZTCCityParser.h */,
				3D64171620D0B39F00F77E73 /* ZTCCityParser.m */,
			);
			path = Location;
			sourceTree = "<group>";
		};
		3D658181232802C9B8DA3A06 /* Pods */ = {
			isa = PBXGroup;
			children = (
				0AAEBDA7AE8D82047BC5E289 /* Pods-DevTools.debug.xcconfig */,
				E307306B96518E609FA3FE95 /* Pods-DevTools.release.xcconfig */,
			);
			name = Pods;
			sourceTree = "<group>";
		};
		3D7D50CF2057D7F7007F61D2 /* Expand */ = {
			isa = PBXGroup;
			children = (
				3D7D50FE2057D7F7007F61D2 /* Base */,
				3D7D50D32057D7F7007F61D2 /* Categories */,
				3D86CB4B20AC1840001D9A46 /* Contants */,
				3D7D51172057D855007F61D2 /* CustomControls */,
				3D86CB5620AC1C53001D9A46 /* Helpers */,
				3D7D50D02057D7F7007F61D2 /* Macros */,
			);
			path = Expand;
			sourceTree = "<group>";
		};
		3D7D50D02057D7F7007F61D2 /* Macros */ = {
			isa = PBXGroup;
			children = (
				3D86CB4A20AC17C7001D9A46 /* CommonThemeMacro.h */,
				3D7D50D22057D7F7007F61D2 /* UIDeviceMacros.h */,
				3D7D50D12057D7F7007F61D2 /* UtilMacros.h */,
			);
			path = Macros;
			sourceTree = "<group>";
		};
		3D7D50D32057D7F7007F61D2 /* Categories */ = {
			isa = PBXGroup;
			children = (
				3D7D51592057DAC3007F61D2 /* NavigationBar */,
				3D86CB3520AC1115001D9A46 /* NSArray */,
				3D7D51632057DAC3007F61D2 /* NSData */,
				3D86CB7D20AC21D7001D9A46 /* NSDate */,
				3D7D51662057DAC3007F61D2 /* NSTimer */,
				3D7D51692057DAC3007F61D2 /* UIButton */,
				3D7D516C2057DAC3007F61D2 /* UIColor */,
				3D7D516F2057DAC3007F61D2 /* UIImage */,
				3D7D51722057DAC3007F61D2 /* UILabel */,
				3D7D51752057DAC3007F61D2 /* UIScrollView */,
				3D7D51782057DAC3007F61D2 /* UITextField */,
				3D7D517B2057DAC3007F61D2 /* UITextView */,
				3D7D517E2057DAC3007F61D2 /* UIView */,
			);
			path = Categories;
			sourceTree = "<group>";
		};
		3D7D50FE2057D7F7007F61D2 /* Base */ = {
			isa = PBXGroup;
			children = (
				3D7D50FF2057D7F7007F61D2 /* Model */,
				3D86CB4320AC13BB001D9A46 /* View */,
				3D7D51022057D7F7007F61D2 /* ViewController */,
			);
			path = Base;
			sourceTree = "<group>";
		};
		3D7D50FF2057D7F7007F61D2 /* Model */ = {
			isa = PBXGroup;
			children = (
				3D7D51002057D7F7007F61D2 /* BaseJsonModel.h */,
				3D7D51012057D7F7007F61D2 /* BaseJsonModel.m */,
			);
			path = Model;
			sourceTree = "<group>";
		};
		3D7D51022057D7F7007F61D2 /* ViewController */ = {
			isa = PBXGroup;
			children = (
				3D7D51032057D7F7007F61D2 /* NavigationController */,
				3D86CB3C20AC1310001D9A46 /* ViewController */,
				3D86CB6020AC2002001D9A46 /* WebViewController */,
			);
			path = ViewController;
			sourceTree = "<group>";
		};
		3D7D51032057D7F7007F61D2 /* NavigationController */ = {
			isa = PBXGroup;
			children = (
				3D7D51052057D7F7007F61D2 /* BaseNavigationController.h */,
				3D7D51042057D7F7007F61D2 /* BaseNavigationController.m */,
			);
			path = NavigationController;
			sourceTree = "<group>";
		};
		3D7D51172057D855007F61D2 /* CustomControls */ = {
			isa = PBXGroup;
			children = (
				3D86CB8120AC2252001D9A46 /* Alert */,
				3D86CB5220AC1A73001D9A46 /* TableHeaderView */,
				3D7D51182057D902007F61D2 /* TextField */,
				3D7D51192057D902007F61D2 /* TextView */,
			);
			path = CustomControls;
			sourceTree = "<group>";
		};
		3D7D51182057D902007F61D2 /* TextField */ = {
			isa = PBXGroup;
			children = (
				3D7D511A2057D932007F61D2 /* LimitTextField.h */,
				3D7D511B2057D932007F61D2 /* LimitTextField.m */,
			);
			path = TextField;
			sourceTree = "<group>";
		};
		3D7D51192057D902007F61D2 /* TextView */ = {
			isa = PBXGroup;
			children = (
				3D7D511D2057D94B007F61D2 /* LimitTextView.h */,
				3D7D511E2057D94B007F61D2 /* LimitTextView.m */,
			);
			path = TextView;
			sourceTree = "<group>";
		};
		3D7D51592057DAC3007F61D2 /* NavigationBar */ = {
			isa = PBXGroup;
			children = (
				3D7D515A2057DAC3007F61D2 /* UILayoutFittingView.h */,
				3D7D515E2057DAC3007F61D2 /* UILayoutFittingView.m */,
				3D7D51622057DAC3007F61D2 /* UIViewController+BackButtonHandler.h */,
				3D7D515D2057DAC3007F61D2 /* UIViewController+BackButtonHandler.m */,
				3D7D51602057DAC3007F61D2 /* SwizzlingDefine.h */,
				3D7D51612057DAC3007F61D2 /* UIViewController+Swizzling.h */,
				3D7D515B2057DAC3007F61D2 /* UIViewController+Swizzling.m */,
			);
			path = NavigationBar;
			sourceTree = "<group>";
		};
		3D7D51632057DAC3007F61D2 /* NSData */ = {
			isa = PBXGroup;
			children = (
				3D7D51642057DAC3007F61D2 /* NSData+Base64.h */,
				3D7D51652057DAC3007F61D2 /* NSData+Base64.m */,
			);
			path = NSData;
			sourceTree = "<group>";
		};
		3D7D51662057DAC3007F61D2 /* NSTimer */ = {
			isa = PBXGroup;
			children = (
				3D7D51672057DAC3007F61D2 /* NSTimer+WeakTimer.h */,
				3D7D51682057DAC3007F61D2 /* NSTimer+WeakTimer.m */,
			);
			path = NSTimer;
			sourceTree = "<group>";
		};
		3D7D51692057DAC3007F61D2 /* UIButton */ = {
			isa = PBXGroup;
			children = (
				3D7D516B2057DAC3007F61D2 /* UIButton+EdgeInsets.h */,
				3D7D516A2057DAC3007F61D2 /* UIButton+EdgeInsets.m */,
			);
			path = UIButton;
			sourceTree = "<group>";
		};
		3D7D516C2057DAC3007F61D2 /* UIColor */ = {
			isa = PBXGroup;
			children = (
				3D7D516D2057DAC3007F61D2 /* UIColor-Adaptive.h */,
				3D7D516E2057DAC3007F61D2 /* UIColor-Adaptive.m */,
			);
			path = UIColor;
			sourceTree = "<group>";
		};
		3D7D516F2057DAC3007F61D2 /* UIImage */ = {
			isa = PBXGroup;
			children = (
				3D7D51702057DAC3007F61D2 /* UIImage+Color.h */,
				3D7D51712057DAC3007F61D2 /* UIImage+Color.m */,
			);
			path = UIImage;
			sourceTree = "<group>";
		};
		3D7D51722057DAC3007F61D2 /* UILabel */ = {
			isa = PBXGroup;
			children = (
				3D7D51732057DAC3007F61D2 /* UILabel+LineSpace.h */,
				3D7D51742057DAC3007F61D2 /* UILabel+LineSpace.m */,
			);
			path = UILabel;
			sourceTree = "<group>";
		};
		3D7D51752057DAC3007F61D2 /* UIScrollView */ = {
			isa = PBXGroup;
			children = (
				3D7D51772057DAC3007F61D2 /* UIScrollView+Direction.h */,
				3D7D51762057DAC3007F61D2 /* UIScrollView+Direction.m */,
			);
			path = UIScrollView;
			sourceTree = "<group>";
		};
		3D7D51782057DAC3007F61D2 /* UITextField */ = {
			isa = PBXGroup;
			children = (
				3D7D51792057DAC3007F61D2 /* UITextField+Editing.h */,
				3D7D517A2057DAC3007F61D2 /* UITextField+Editing.m */,
			);
			path = UITextField;
			sourceTree = "<group>";
		};
		3D7D517B2057DAC3007F61D2 /* UITextView */ = {
			isa = PBXGroup;
			children = (
				3D7D517D2057DAC3007F61D2 /* UITextView+LineSpace.h */,
				3D7D517C2057DAC3007F61D2 /* UITextView+LineSpace.m */,
			);
			path = UITextView;
			sourceTree = "<group>";
		};
		3D7D517E2057DAC3007F61D2 /* UIView */ = {
			isa = PBXGroup;
			children = (
				3D86CB7B20AC2194001D9A46 /* UIView+Alert.h */,
				3D86CB7A20AC2194001D9A46 /* UIView+Alert.m */,
				3D86CB7720AC214C001D9A46 /* UIView+Animation.h */,
				3D86CB7820AC214C001D9A46 /* UIView+Animation.m */,
				3D7D517F2057DAC3007F61D2 /* UIView+Responder.h */,
				3D7D51812057DAC3007F61D2 /* UIView+Responder.m */,
				3D2C720920AEB1B000CD19AD /* UIView+Sublayer.h */,
				3D2C720A20AEB1B000CD19AD /* UIView+Sublayer.m */,
				3D7D51802057DAC3007F61D2 /* UIViewAdditions.h */,
				3D7D51822057DAC3007F61D2 /* UIViewAdditions.m */,
			);
			path = UIView;
			sourceTree = "<group>";
		};
		3D86CB3520AC1115001D9A46 /* NSArray */ = {
			isa = PBXGroup;
			children = (
				3D86CB3A20AC1149001D9A46 /* NSArray+Search.h */,
				3D86CB3920AC1149001D9A46 /* NSArray+Search.m */,
				3D86CB3720AC111A001D9A46 /* NSArray+Sort.h */,
				3D86CB3620AC111A001D9A46 /* NSArray+Sort.m */,
			);
			path = NSArray;
			sourceTree = "<group>";
		};
		3D86CB3C20AC1310001D9A46 /* ViewController */ = {
			isa = PBXGroup;
			children = (
				3D86CB3D20AC132D001D9A46 /* BaseViewController.h */,
				3D86CB3E20AC132D001D9A46 /* BaseViewController.m */,
				3D86CB4020AC136C001D9A46 /* BlankViewController.h */,
				3D86CB4120AC136C001D9A46 /* BlankViewController.m */,
			);
			path = ViewController;
			sourceTree = "<group>";
		};
		3D86CB4320AC13BB001D9A46 /* View */ = {
			isa = PBXGroup;
			children = (
				3D86CB4420AC13D9001D9A46 /* EmptyStatusView */,
			);
			path = View;
			sourceTree = "<group>";
		};
		3D86CB4420AC13D9001D9A46 /* EmptyStatusView */ = {
			isa = PBXGroup;
			children = (
				3D86CB4520AC146C001D9A46 /* EmptyStatusView.h */,
				3D86CB4620AC146C001D9A46 /* EmptyStatusView.m */,
				3D86CB4820AC147B001D9A46 /* EmptyStatusView.xib */,
				3D86CB5E20AC1FD7001D9A46 /* 2a16117aaf726e3d6208cf40001c8524.gif */,
			);
			path = EmptyStatusView;
			sourceTree = "<group>";
		};
		3D86CB4B20AC1840001D9A46 /* Contants */ = {
			isa = PBXGroup;
			children = (
				3D86CB4F20AC191A001D9A46 /* ZKConfig.h */,
				3D86CB5020AC191A001D9A46 /* ZKConfig.m */,
				3D86CB4E20AC18DF001D9A46 /* ZKNotificationName.h */,
				3D86CB4D20AC189D001D9A46 /* ZKTipsDescription.h */,
				3D86CB4C20AC1872001D9A46 /* ZKVendorKeyConfig.h */,
			);
			path = Contants;
			sourceTree = "<group>";
		};
		3D86CB5220AC1A73001D9A46 /* TableHeaderView */ = {
			isa = PBXGroup;
			children = (
				3D86CB5320AC1A85001D9A46 /* ZKTableHeaderView.h */,
				3D86CB5420AC1A85001D9A46 /* ZKTableHeaderView.m */,
			);
			path = TableHeaderView;
			sourceTree = "<group>";
		};
		3D86CB5620AC1C53001D9A46 /* Helpers */ = {
			isa = PBXGroup;
			children = (
				3D86CB5720AC1C77001D9A46 /* AppManager */,
				3D86CB8820AC2312001D9A46 /* EventCalendar */,
				3D64171520D0B39F00F77E73 /* Location */,
			);
			path = Helpers;
			sourceTree = "<group>";
		};
		3D86CB5720AC1C77001D9A46 /* AppManager */ = {
			isa = PBXGroup;
			children = (
				3D86CB5820AC1CA9001D9A46 /* ZKAppManager.h */,
				3D86CB5920AC1CA9001D9A46 /* ZKAppManager.m */,
				3D86CB5B20AC1CCA001D9A46 /* ZKFileHandler.h */,
				3D86CB5C20AC1CCA001D9A46 /* ZKFileHandler.m */,
			);
			path = AppManager;
			sourceTree = "<group>";
		};
		3D86CB6020AC2002001D9A46 /* WebViewController */ = {
			isa = PBXGroup;
			children = (
				3D86CB6220AC205A001D9A46 /* CHWebView */,
				3D86CB7420AC208C001D9A46 /* ZKWebViewController.h */,
				3D86CB7520AC208C001D9A46 /* ZKWebViewController.m */,
			);
			path = WebViewController;
			sourceTree = "<group>";
		};
		3D86CB6220AC205A001D9A46 /* CHWebView */ = {
			isa = PBXGroup;
			children = (
				3D86CB6320AC205A001D9A46 /* Core */,
				3D86CB6820AC205A001D9A46 /* Progress */,
				3D86CB6D20AC205A001D9A46 /* Resource */,
			);
			path = CHWebView;
			sourceTree = "<group>";
		};
		3D86CB6320AC205A001D9A46 /* Core */ = {
			isa = PBXGroup;
			children = (
				3D86CB6420AC205A001D9A46 /* CHWebViewController.m */,
				3D86CB6520AC205A001D9A46 /* CHWebView.m */,
				3D86CB6620AC205A001D9A46 /* CHWebView.h */,
				3D86CB6720AC205A001D9A46 /* CHWebViewController.h */,
			);
			path = Core;
			sourceTree = "<group>";
		};
		3D86CB6820AC205A001D9A46 /* Progress */ = {
			isa = PBXGroup;
			children = (
				3D86CB6920AC205A001D9A46 /* CHWebViewProress.h */,
				3D86CB6A20AC205A001D9A46 /* CHWebProgressView.h */,
				3D86CB6B20AC205A001D9A46 /* CHWebProgressView.m */,
				3D86CB6C20AC205A001D9A46 /* CHWebViewProress.m */,
			);
			path = Progress;
			sourceTree = "<group>";
		};
		3D86CB6D20AC205A001D9A46 /* Resource */ = {
			isa = PBXGroup;
			children = (
				3D86CB6E20AC205A001D9A46 /* nativehelper.js */,
			);
			path = Resource;
			sourceTree = "<group>";
		};
		3D86CB7D20AC21D7001D9A46 /* NSDate */ = {
			isa = PBXGroup;
			children = (
				3D86CB7F20AC21ED001D9A46 /* NSDate+Format.h */,
				3D86CB7E20AC21ED001D9A46 /* NSDate+Format.m */,
			);
			path = NSDate;
			sourceTree = "<group>";
		};
		3D86CB8120AC2252001D9A46 /* Alert */ = {
			isa = PBXGroup;
			children = (
				3D86CB8320AC2260001D9A46 /* AlignLeftAlertController.h */,
				3D86CB8520AC2260001D9A46 /* AlignLeftAlertController.m */,
				3D86CB8220AC225F001D9A46 /* ForceAlertView.h */,
				3D86CB8420AC2260001D9A46 /* ForceAlertView.m */,
			);
			path = Alert;
			sourceTree = "<group>";
		};
		3D86CB8820AC2312001D9A46 /* EventCalendar */ = {
			isa = PBXGroup;
			children = (
				3D86CB8920AC2312001D9A46 /* EventCalendarHelper.h */,
				3D86CB8A20AC2312001D9A46 /* EventCalendarHelper.m */,
			);
			path = EventCalendar;
			sourceTree = "<group>";
		};
		3D912DDC2051224D00B272BB = {
			isa = PBXGroup;
			children = (
				3D912DE72051224D00B272BB /* DevTools */,
				3D912DE62051224D00B272BB /* Products */,
				3D658181232802C9B8DA3A06 /* Pods */,
				21A30C7FD3C436B3C5AFD84D /* Frameworks */,
			);
			sourceTree = "<group>";
		};
		3D912DE62051224D00B272BB /* Products */ = {
			isa = PBXGroup;
			children = (
				3D912DE52051224D00B272BB /* DevTools.app */,
			);
			name = Products;
			sourceTree = "<group>";
		};
		3D912DE72051224D00B272BB /* DevTools */ = {
			isa = PBXGroup;
			children = (
				3D7D50CF2057D7F7007F61D2 /* Expand */,
				3D867A122064E88500AB9C6C /* TestListVC.h */,
				3D867A132064E88500AB9C6C /* TestListVC.m */,
				3D7D519B2057DE24007F61D2 /* TestTextInputVC.h */,
				3D7D519C2057DE24007F61D2 /* TestTextInputVC.m */,
				3D64170F20D0B32200F77E73 /* Resources */,
				3D64171420D0B33D00F77E73 /* Supporting Files */,
			);
			path = DevTools;
			sourceTree = "<group>";
		};
/* End PBXGroup section */

/* Begin PBXNativeTarget section */
		3D912DE42051224D00B272BB /* DevTools */ = {
			isa = PBXNativeTarget;
			buildConfigurationList = 3D912DFB2051224D00B272BB /* Build configuration list for PBXNativeTarget "DevTools" */;
			buildPhases = (
				5557ADDF7E557508AB222D45 /* [CP] Check Pods Manifest.lock */,
				3D912DE12051224D00B272BB /* Sources */,
				3D912DE22051224D00B272BB /* Frameworks */,
				3D912DE32051224D00B272BB /* Resources */,
				A6B39FB7676199B517E612B9 /* [CP] Embed Pods Frameworks */,
				A717C7C57626DEADC322DE7D /* [CP] Copy Pods Resources */,
			);
			buildRules = (
			);
			dependencies = (
			);
			name = DevTools;
			productName = DevTools;
			productReference = 3D912DE52051224D00B272BB /* DevTools.app */;
			productType = "com.apple.product-type.application";
		};
/* End PBXNativeTarget section */

/* Begin PBXProject section */
		3D912DDD2051224D00B272BB /* Project object */ = {
			isa = PBXProject;
			attributes = {
				LastUpgradeCheck = 0910;
				ORGANIZATIONNAME = None;
				TargetAttributes = {
					3D912DE42051224D00B272BB = {
						CreatedOnToolsVersion = 9.1;
						ProvisioningStyle = Automatic;
					};
				};
			};
			buildConfigurationList = 3D912DE02051224D00B272BB /* Build configuration list for PBXProject "DevTools" */;
			compatibilityVersion = "Xcode 8.0";
			developmentRegion = en;
			hasScannedForEncodings = 0;
			knownRegions = (
				en,
				Base,
			);
			mainGroup = 3D912DDC2051224D00B272BB;
			productRefGroup = 3D912DE62051224D00B272BB /* Products */;
			projectDirPath = "";
			projectRoot = "";
			targets = (
				3D912DE42051224D00B272BB /* DevTools */,
			);
		};
/* End PBXProject section */

/* Begin PBXResourcesBuildPhase section */
		3D912DE32051224D00B272BB /* Resources */ = {
			isa = PBXResourcesBuildPhase;
			buildActionMask = 2147483647;
			files = (
				3D86CB5F20AC1FD7001D9A46 /* 2a16117aaf726e3d6208cf40001c8524.gif in Resources */,
				3D912DF52051224D00B272BB /* LaunchScreen.storyboard in Resources */,
				3D64171220D0B32200F77E73 /* districts.json in Resources */,
				3D912DF22051224D00B272BB /* Assets.xcassets in Resources */,
				3D64171320D0B32200F77E73 /* cities.json in Resources */,
				3D86CB7320AC205A001D9A46 /* nativehelper.js in Resources */,
				3D86CB4920AC147B001D9A46 /* EmptyStatusView.xib in Resources */,
				3D912DF02051224D00B272BB /* Main.storyboard in Resources */,
			);
			runOnlyForDeploymentPostprocessing = 0;
		};
/* End PBXResourcesBuildPhase section */

/* Begin PBXShellScriptBuildPhase section */
		5557ADDF7E557508AB222D45 /* [CP] Check Pods Manifest.lock */ = {
			isa = PBXShellScriptBuildPhase;
			buildActionMask = 2147483647;
			files = (
			);
			inputPaths = (
			);
			name = "[CP] Check Pods Manifest.lock";
			outputPaths = (
			);
			runOnlyForDeploymentPostprocessing = 0;
			shellPath = /bin/sh;
			shellScript = "diff \"${PODS_PODFILE_DIR_PATH}/Podfile.lock\" \"${PODS_ROOT}/Manifest.lock\" > /dev/null\nif [ $? != 0 ] ; then\n    # print error to STDERR\n    echo \"error: The sandbox is not in sync with the Podfile.lock. Run 'pod install' or update your CocoaPods installation.\" >&2\n    exit 1\nfi\n";
			showEnvVarsInLog = 0;
		};
		A6B39FB7676199B517E612B9 /* [CP] Embed Pods Frameworks */ = {
			isa = PBXShellScriptBuildPhase;
			buildActionMask = 2147483647;
			files = (
			);
			inputPaths = (
			);
			name = "[CP] Embed Pods Frameworks";
			outputPaths = (
			);
			runOnlyForDeploymentPostprocessing = 0;
			shellPath = /bin/sh;
			shellScript = "\"${SRCROOT}/Pods/Target Support Files/Pods-DevTools/Pods-DevTools-frameworks.sh\"\n";
			showEnvVarsInLog = 0;
		};
		A717C7C57626DEADC322DE7D /* [CP] Copy Pods Resources */ = {
			isa = PBXShellScriptBuildPhase;
			buildActionMask = 2147483647;
			files = (
			);
			inputPaths = (
			);
			name = "[CP] Copy Pods Resources";
			outputPaths = (
			);
			runOnlyForDeploymentPostprocessing = 0;
			shellPath = /bin/sh;
			shellScript = "\"${SRCROOT}/Pods/Target Support Files/Pods-DevTools/Pods-DevTools-resources.sh\"\n";
			showEnvVarsInLog = 0;
		};
/* End PBXShellScriptBuildPhase section */

/* Begin PBXSourcesBuildPhase section */
		3D912DE12051224D00B272BB /* Sources */ = {
			isa = PBXSourcesBuildPhase;
			buildActionMask = 2147483647;
			files = (
				3D86CB7220AC205A001D9A46 /* CHWebViewProress.m in Sources */,
				3D7D51902057DAC3007F61D2 /* UIView+Responder.m in Sources */,
				3D86CB8720AC2260001D9A46 /* AlignLeftAlertController.m in Sources */,
				3D86CB7620AC208C001D9A46 /* ZKWebViewController.m in Sources */,
				3D7D51852057DAC3007F61D2 /* UIViewController+BackButtonHandler.m in Sources */,
				3D2C720B20AEB1B000CD19AD /* UIView+Sublayer.m in Sources */,
				3D7D518D2057DAC3007F61D2 /* UIScrollView+Direction.m in Sources */,
				3D7D51862057DAC3007F61D2 /* UILayoutFittingView.m in Sources */,
				3D86CB3B20AC1149001D9A46 /* NSArray+Search.m in Sources */,
				3D7D51832057DAC3007F61D2 /* UIViewController+Swizzling.m in Sources */,
				3D867A142064E88500AB9C6C /* TestListVC.m in Sources */,
				3D86CB7C20AC2194001D9A46 /* UIView+Alert.m in Sources */,
				3D7D51892057DAC3007F61D2 /* UIButton+EdgeInsets.m in Sources */,
				3D86CB4720AC146C001D9A46 /* EmptyStatusView.m in Sources */,
				3D7D518F2057DAC3007F61D2 /* UITextView+LineSpace.m in Sources */,
				3D7D518B2057DAC3007F61D2 /* UIImage+Color.m in Sources */,
				3D912DF82051224D00B272BB /* main.m in Sources */,
				3D86CB7020AC205A001D9A46 /* CHWebView.m in Sources */,
				3D86CB5520AC1A85001D9A46 /* ZKTableHeaderView.m in Sources */,
				3D86CB7920AC214C001D9A46 /* UIView+Animation.m in Sources */,
				3D86CB5120AC191A001D9A46 /* ZKConfig.m in Sources */,
				3D86CB8B20AC2312001D9A46 /* EventCalendarHelper.m in Sources */,
				3D86CB4220AC136C001D9A46 /* BlankViewController.m in Sources */,
				3D86CB3F20AC132D001D9A46 /* BaseViewController.m in Sources */,
				3D7D519D2057DE24007F61D2 /* TestTextInputVC.m in Sources */,
				3D64171820D0B39F00F77E73 /* ZTCCityParser.m in Sources */,
				3D7D51872057DAC3007F61D2 /* NSData+Base64.m in Sources */,
				3D86CB5A20AC1CA9001D9A46 /* ZKAppManager.m in Sources */,
				3D7D51162057D7F7007F61D2 /* BaseNavigationController.m in Sources */,
				3D86CB7120AC205A001D9A46 /* CHWebProgressView.m in Sources */,
				3D7D511F2057D94B007F61D2 /* LimitTextView.m in Sources */,
				3D7D518A2057DAC3007F61D2 /* UIColor-Adaptive.m in Sources */,
				3D7D51912057DAC3007F61D2 /* UIViewAdditions.m in Sources */,
				3D7D511C2057D932007F61D2 /* LimitTextField.m in Sources */,
				3D86CB6F20AC205A001D9A46 /* CHWebViewController.m in Sources */,
				3D7D51152057D7F7007F61D2 /* BaseJsonModel.m in Sources */,
				3D86CB8020AC21ED001D9A46 /* NSDate+Format.m in Sources */,
				3D7D518E2057DAC3007F61D2 /* UITextField+Editing.m in Sources */,
				3D86CB5D20AC1CCA001D9A46 /* ZKFileHandler.m in Sources */,
				3D912DEA2051224D00B272BB /* AppDelegate.m in Sources */,
				3D7D51882057DAC3007F61D2 /* NSTimer+WeakTimer.m in Sources */,
				3D86CB8620AC2260001D9A46 /* ForceAlertView.m in Sources */,
				3D86CB3820AC111A001D9A46 /* NSArray+Sort.m in Sources */,
				3D7D518C2057DAC3007F61D2 /* UILabel+LineSpace.m in Sources */,
			);
			runOnlyForDeploymentPostprocessing = 0;
		};
/* End PBXSourcesBuildPhase section */

/* Begin PBXVariantGroup section */
		3D912DEE2051224D00B272BB /* Main.storyboard */ = {
			isa = PBXVariantGroup;
			children = (
				3D912DEF2051224D00B272BB /* Base */,
			);
			name = Main.storyboard;
			sourceTree = "<group>";
		};
		3D912DF32051224D00B272BB /* LaunchScreen.storyboard */ = {
			isa = PBXVariantGroup;
			children = (
				3D912DF42051224D00B272BB /* Base */,
			);
			name = LaunchScreen.storyboard;
			sourceTree = "<group>";
		};
/* End PBXVariantGroup section */

/* Begin XCBuildConfiguration section */
		3D912DF92051224D00B272BB /* Debug */ = {
			isa = XCBuildConfiguration;
			buildSettings = {
				ALWAYS_SEARCH_USER_PATHS = NO;
				CLANG_ANALYZER_NONNULL = YES;
				CLANG_ANALYZER_NUMBER_OBJECT_CONVERSION = YES_AGGRESSIVE;
				CLANG_CXX_LANGUAGE_STANDARD = "gnu++14";
				CLANG_CXX_LIBRARY = "libc++";
				CLANG_ENABLE_MODULES = YES;
				CLANG_ENABLE_OBJC_ARC = YES;
				CLANG_WARN_BLOCK_CAPTURE_AUTORELEASING = YES;
				CLANG_WARN_BOOL_CONVERSION = YES;
				CLANG_WARN_COMMA = YES;
				CLANG_WARN_CONSTANT_CONVERSION = YES;
				CLANG_WARN_DIRECT_OBJC_ISA_USAGE = YES_ERROR;
				CLANG_WARN_DOCUMENTATION_COMMENTS = YES;
				CLANG_WARN_EMPTY_BODY = YES;
				CLANG_WARN_ENUM_CONVERSION = YES;
				CLANG_WARN_INFINITE_RECURSION = YES;
				CLANG_WARN_INT_CONVERSION = YES;
				CLANG_WARN_NON_LITERAL_NULL_CONVERSION = YES;
				CLANG_WARN_OBJC_LITERAL_CONVERSION = YES;
				CLANG_WARN_OBJC_ROOT_CLASS = YES_ERROR;
				CLANG_WARN_RANGE_LOOP_ANALYSIS = YES;
				CLANG_WARN_STRICT_PROTOTYPES = YES;
				CLANG_WARN_SUSPICIOUS_MOVE = YES;
				CLANG_WARN_UNGUARDED_AVAILABILITY = YES_AGGRESSIVE;
				CLANG_WARN_UNREACHABLE_CODE = YES;
				CLANG_WARN__DUPLICATE_METHOD_MATCH = YES;
				CODE_SIGN_IDENTITY = "iPhone Developer";
				COPY_PHASE_STRIP = NO;
				DEBUG_INFORMATION_FORMAT = dwarf;
				ENABLE_STRICT_OBJC_MSGSEND = YES;
				ENABLE_TESTABILITY = YES;
				GCC_C_LANGUAGE_STANDARD = gnu11;
				GCC_DYNAMIC_NO_PIC = NO;
				GCC_NO_COMMON_BLOCKS = YES;
				GCC_OPTIMIZATION_LEVEL = 0;
				GCC_PREPROCESSOR_DEFINITIONS = (
					"DEBUG=1",
					"$(inherited)",
				);
				GCC_WARN_64_TO_32_BIT_CONVERSION = YES;
				GCC_WARN_ABOUT_RETURN_TYPE = YES_ERROR;
				GCC_WARN_UNDECLARED_SELECTOR = YES;
				GCC_WARN_UNINITIALIZED_AUTOS = YES_AGGRESSIVE;
				GCC_WARN_UNUSED_FUNCTION = YES;
				GCC_WARN_UNUSED_VARIABLE = YES;
				IPHONEOS_DEPLOYMENT_TARGET = 11.1;
				MTL_ENABLE_DEBUG_INFO = YES;
				ONLY_ACTIVE_ARCH = YES;
				SDKROOT = iphoneos;
			};
			name = Debug;
		};
		3D912DFA2051224D00B272BB /* Release */ = {
			isa = XCBuildConfiguration;
			buildSettings = {
				ALWAYS_SEARCH_USER_PATHS = NO;
				CLANG_ANALYZER_NONNULL = YES;
				CLANG_ANALYZER_NUMBER_OBJECT_CONVERSION = YES_AGGRESSIVE;
				CLANG_CXX_LANGUAGE_STANDARD = "gnu++14";
				CLANG_CXX_LIBRARY = "libc++";
				CLANG_ENABLE_MODULES = YES;
				CLANG_ENABLE_OBJC_ARC = YES;
				CLANG_WARN_BLOCK_CAPTURE_AUTORELEASING = YES;
				CLANG_WARN_BOOL_CONVERSION = YES;
				CLANG_WARN_COMMA = YES;
				CLANG_WARN_CONSTANT_CONVERSION = YES;
				CLANG_WARN_DIRECT_OBJC_ISA_USAGE = YES_ERROR;
				CLANG_WARN_DOCUMENTATION_COMMENTS = YES;
				CLANG_WARN_EMPTY_BODY = YES;
				CLANG_WARN_ENUM_CONVERSION = YES;
				CLANG_WARN_INFINITE_RECURSION = YES;
				CLANG_WARN_INT_CONVERSION = YES;
				CLANG_WARN_NON_LITERAL_NULL_CONVERSION = YES;
				CLANG_WARN_OBJC_LITERAL_CONVERSION = YES;
				CLANG_WARN_OBJC_ROOT_CLASS = YES_ERROR;
				CLANG_WARN_RANGE_LOOP_ANALYSIS = YES;
				CLANG_WARN_STRICT_PROTOTYPES = YES;
				CLANG_WARN_SUSPICIOUS_MOVE = YES;
				CLANG_WARN_UNGUARDED_AVAILABILITY = YES_AGGRESSIVE;
				CLANG_WARN_UNREACHABLE_CODE = YES;
				CLANG_WARN__DUPLICATE_METHOD_MATCH = YES;
				CODE_SIGN_IDENTITY = "iPhone Developer";
				COPY_PHASE_STRIP = NO;
				DEBUG_INFORMATION_FORMAT = "dwarf-with-dsym";
				ENABLE_NS_ASSERTIONS = NO;
				ENABLE_STRICT_OBJC_MSGSEND = YES;
				GCC_C_LANGUAGE_STANDARD = gnu11;
				GCC_NO_COMMON_BLOCKS = YES;
				GCC_WARN_64_TO_32_BIT_CONVERSION = YES;
				GCC_WARN_ABOUT_RETURN_TYPE = YES_ERROR;
				GCC_WARN_UNDECLARED_SELECTOR = YES;
				GCC_WARN_UNINITIALIZED_AUTOS = YES_AGGRESSIVE;
				GCC_WARN_UNUSED_FUNCTION = YES;
				GCC_WARN_UNUSED_VARIABLE = YES;
				IPHONEOS_DEPLOYMENT_TARGET = 11.1;
				MTL_ENABLE_DEBUG_INFO = NO;
				SDKROOT = iphoneos;
				VALIDATE_PRODUCT = YES;
			};
			name = Release;
		};
		3D912DFC2051224D00B272BB /* Debug */ = {
			isa = XCBuildConfiguration;
			baseConfigurationReference = 0AAEBDA7AE8D82047BC5E289 /* Pods-DevTools.debug.xcconfig */;
			buildSettings = {
				ASSETCATALOG_COMPILER_APPICON_NAME = AppIcon;
				CODE_SIGN_STYLE = Automatic;
				INFOPLIST_FILE = "$(SRCROOT)/DevTools/Supporting Files/Info.plist";
				IPHONEOS_DEPLOYMENT_TARGET = 8.0;
				LD_RUNPATH_SEARCH_PATHS = "$(inherited) @executable_path/Frameworks";
				PRODUCT_BUNDLE_IDENTIFIER = com.pzk.ios.DevTools;
				PRODUCT_NAME = "$(TARGET_NAME)";
				TARGETED_DEVICE_FAMILY = "1,2";
			};
			name = Debug;
		};
		3D912DFD2051224D00B272BB /* Release */ = {
			isa = XCBuildConfiguration;
			baseConfigurationReference = E307306B96518E609FA3FE95 /* Pods-DevTools.release.xcconfig */;
			buildSettings = {
				ASSETCATALOG_COMPILER_APPICON_NAME = AppIcon;
				CODE_SIGN_STYLE = Automatic;
				INFOPLIST_FILE = "$(SRCROOT)/DevTools/Supporting Files/Info.plist";
				IPHONEOS_DEPLOYMENT_TARGET = 8.0;
				LD_RUNPATH_SEARCH_PATHS = "$(inherited) @executable_path/Frameworks";
				PRODUCT_BUNDLE_IDENTIFIER = com.pzk.ios.DevTools;
				PRODUCT_NAME = "$(TARGET_NAME)";
				TARGETED_DEVICE_FAMILY = "1,2";
			};
			name = Release;
		};
/* End XCBuildConfiguration section */

/* Begin XCConfigurationList section */
		3D912DE02051224D00B272BB /* Build configuration list for PBXProject "DevTools" */ = {
			isa = XCConfigurationList;
			buildConfigurations = (
				3D912DF92051224D00B272BB /* Debug */,
				3D912DFA2051224D00B272BB /* Release */,
			);
			defaultConfigurationIsVisible = 0;
			defaultConfigurationName = Release;
		};
		3D912DFB2051224D00B272BB /* Build configuration list for PBXNativeTarget "DevTools" */ = {
			isa = XCConfigurationList;
			buildConfigurations = (
				3D912DFC2051224D00B272BB /* Debug */,
				3D912DFD2051224D00B272BB /* Release */,
			);
			defaultConfigurationIsVisible = 0;
			defaultConfigurationName = Release;
		};
/* End XCConfigurationList section */
	};
	rootObject = 3D912DDD2051224D00B272BB /* Project object */;
}
